// !$*UTF8*$!
{
	archiveVersion = 1;
	classes = {
	};
	objectVersion = 46;
	objects = {

/* Begin PBXAggregateTarget section */
		2C02DF541C671B0E00FCA557 /* Aggregate */ = {
			isa = PBXAggregateTarget;
			buildConfigurationList = 2C02DF551C671B0E00FCA557 /* Build configuration list for PBXAggregateTarget "Aggregate" */;
			buildPhases = (
				2C02DF581C671B1400FCA557 /* ShellScript */,
			);
			dependencies = (
			);
			name = Aggregate;
			productName = Aggregate;
		};
/* End PBXAggregateTarget section */

/* Begin PBXBuildFile section */
		1D23EDB41C8443AC0064E083 /* NSError_Kit.h in Headers */ = {isa = PBXBuildFile; fileRef = 1D23EDB21C8443AC0064E083 /* NSError_Kit.h */; };
		1D23EDB51C8443AC0064E083 /* NSError_Kit.m in Sources */ = {isa = PBXBuildFile; fileRef = 1D23EDB31C8443AC0064E083 /* NSError_Kit.m */; };
		5D0C097F1C776E140025F356 /* Foundation.test.m in Sources */ = {isa = PBXBuildFile; fileRef = 5D0C097D1C776E140025F356 /* Foundation.test.m */; };
		5D0C09801C776E140025F356 /* Layout.test.m in Sources */ = {isa = PBXBuildFile; fileRef = 5D0C097E1C776E140025F356 /* Layout.test.m */; };
		5D0C0A021C776E2D0025F356 /* PSAspect.m in Sources */ = {isa = PBXBuildFile; fileRef = 5D0C09831C776E2D0025F356 /* PSAspect.m */; };
		5D0C0A041C776E2D0025F356 /* PSInvocation.m in Sources */ = {isa = PBXBuildFile; fileRef = 5D0C09851C776E2D0025F356 /* PSInvocation.m */; };
		5D0C0A071C776E2D0025F356 /* NSArray_Kit.m in Sources */ = {isa = PBXBuildFile; fileRef = 5D0C098A1C776E2D0025F356 /* NSArray_Kit.m */; };
		5D0C0A091C776E2D0025F356 /* NSBundle_Kit.m in Sources */ = {isa = PBXBuildFile; fileRef = 5D0C098C1C776E2D0025F356 /* NSBundle_Kit.m */; };
		5D0C0A0B1C776E2D0025F356 /* NSData_Kit.m in Sources */ = {isa = PBXBuildFile; fileRef = 5D0C098E1C776E2D0025F356 /* NSData_Kit.m */; };
		5D0C0A0D1C776E2D0025F356 /* NSDate_Kit.m in Sources */ = {isa = PBXBuildFile; fileRef = 5D0C09901C776E2D0025F356 /* NSDate_Kit.m */; };
		5D0C0A0F1C776E2D0025F356 /* NSDictionary_Kit.m in Sources */ = {isa = PBXBuildFile; fileRef = 5D0C09921C776E2D0025F356 /* NSDictionary_Kit.m */; };
		5D0C0A111C776E2D0025F356 /* NSException_Kit.m in Sources */ = {isa = PBXBuildFile; fileRef = 5D0C09941C776E2D0025F356 /* NSException_Kit.m */; };
		5D0C0A131C776E2D0025F356 /* NSNull_Kit.m in Sources */ = {isa = PBXBuildFile; fileRef = 5D0C09961C776E2D0025F356 /* NSNull_Kit.m */; };
		5D0C0A151C776E2D0025F356 /* NSObject_Dispatch.m in Sources */ = {isa = PBXBuildFile; fileRef = 5D0C09981C776E2D0025F356 /* NSObject_Dispatch.m */; };
		5D0C0A161C776E2D0025F356 /* NSObject_Event.m in Sources */ = {isa = PBXBuildFile; fileRef = 5D0C09991C776E2D0025F356 /* NSObject_Event.m */; };
		5D0C0A171C776E2D0025F356 /* NSObject_FuncLock.m in Sources */ = {isa = PBXBuildFile; fileRef = 5D0C099A1C776E2D0025F356 /* NSObject_FuncLock.m */; };
		5D0C0A191C776E2D0025F356 /* NSObject_KVO.m in Sources */ = {isa = PBXBuildFile; fileRef = 5D0C099C1C776E2D0025F356 /* NSObject_KVO.m */; };
		5D0C0A1A1C776E2D0025F356 /* NSObject_Runtime.m in Sources */ = {isa = PBXBuildFile; fileRef = 5D0C099D1C776E2D0025F356 /* NSObject_Runtime.m */; };
		5D0C0A1C1C776E2D0025F356 /* NSSet_Kit.m in Sources */ = {isa = PBXBuildFile; fileRef = 5D0C099F1C776E2D0025F356 /* NSSet_Kit.m */; };
		5D0C0A1D1C776E2D0025F356 /* NSString_Encyption.m in Sources */ = {isa = PBXBuildFile; fileRef = 5D0C09A01C776E2D0025F356 /* NSString_Encyption.m */; };
		5D0C0A1F1C776E2D0025F356 /* NSString_Kit.m in Sources */ = {isa = PBXBuildFile; fileRef = 5D0C09A21C776E2D0025F356 /* NSString_Kit.m */; };
		5D0C0A201C776E2D0025F356 /* NSString_URL.m in Sources */ = {isa = PBXBuildFile; fileRef = 5D0C09A31C776E2D0025F356 /* NSString_URL.m */; };
		5D0C0A221C776E2D0025F356 /* NSUserDefaults_Kit.m in Sources */ = {isa = PBXBuildFile; fileRef = 5D0C09A51C776E2D0025F356 /* NSUserDefaults_Kit.m */; };
		5D0C0A241C776E2D0025F356 /* PSBase64Encoding.m in Sources */ = {isa = PBXBuildFile; fileRef = 5D0C09A71C776E2D0025F356 /* PSBase64Encoding.m */; };
		5D0C0A261C776E2D0025F356 /* PSJson_Kit.m in Sources */ = {isa = PBXBuildFile; fileRef = 5D0C09A91C776E2D0025F356 /* PSJson_Kit.m */; };
		5D0C0A2A1C776E2D0025F356 /* runtime.c in Sources */ = {isa = PBXBuildFile; fileRef = 5D0C09AE1C776E2D0025F356 /* runtime.c */; };
		5D0C0A2F1C776E2D0025F356 /* PSConsoleLogger.m in Sources */ = {isa = PBXBuildFile; fileRef = 5D0C09B51C776E2D0025F356 /* PSConsoleLogger.m */; };
		5D0C0A311C776E2D0025F356 /* PSFileLogger.m in Sources */ = {isa = PBXBuildFile; fileRef = 5D0C09B71C776E2D0025F356 /* PSFileLogger.m */; };
		5D0C0A331C776E2D0025F356 /* PSLog.m in Sources */ = {isa = PBXBuildFile; fileRef = 5D0C09B91C776E2D0025F356 /* PSLog.m */; };
		5D0C0A351C776E2D0025F356 /* PSSQLiteLogger.m in Sources */ = {isa = PBXBuildFile; fileRef = 5D0C09BB1C776E2D0025F356 /* PSSQLiteLogger.m */; };
		5D0C0A371C776E2D0025F356 /* PSBlockInvocation.m in Sources */ = {isa = PBXBuildFile; fileRef = 5D0C09BD1C776E2D0025F356 /* PSBlockInvocation.m */; };
		5D0C0A391C776E2D0025F356 /* PSDeallocNotification.m in Sources */ = {isa = PBXBuildFile; fileRef = 5D0C09BF1C776E2D0025F356 /* PSDeallocNotification.m */; };
		5D0C0A3B1C776E2D0025F356 /* PSDelayInvocation.m in Sources */ = {isa = PBXBuildFile; fileRef = 5D0C09C11C776E2D0025F356 /* PSDelayInvocation.m */; };
		5D0C0A3D1C776E2D0025F356 /* PSFile.m in Sources */ = {isa = PBXBuildFile; fileRef = 5D0C09C31C776E2D0025F356 /* PSFile.m */; };
		5D0C0A3F1C776E2D0025F356 /* PSThreadLocal.m in Sources */ = {isa = PBXBuildFile; fileRef = 5D0C09C51C776E2D0025F356 /* PSThreadLocal.m */; };
		5D0C0A411C776E2D0025F356 /* PSUndoManager.m in Sources */ = {isa = PBXBuildFile; fileRef = 5D0C09C71C776E2D0025F356 /* PSUndoManager.m */; };
		5D0C0A461C776E2D0025F356 /* UIAlertView_Kit.m in Sources */ = {isa = PBXBuildFile; fileRef = 5D0C09CE1C776E2D0025F356 /* UIAlertView_Kit.m */; };
		5D0C0A481C776E2D0025F356 /* UIButton_Kit.m in Sources */ = {isa = PBXBuildFile; fileRef = 5D0C09D01C776E2D0025F356 /* UIButton_Kit.m */; };
		5D0C0A4A1C776E2D0025F356 /* UIColor_Kit.m in Sources */ = {isa = PBXBuildFile; fileRef = 5D0C09D21C776E2D0025F356 /* UIColor_Kit.m */; };
		5D0C0A4C1C776E2D0025F356 /* UIControl_Kit.m in Sources */ = {isa = PBXBuildFile; fileRef = 5D0C09D41C776E2D0025F356 /* UIControl_Kit.m */; };
		5D0C0A4F1C776E2D0025F356 /* UIImage_Kit.m in Sources */ = {isa = PBXBuildFile; fileRef = 5D0C09D71C776E2D0025F356 /* UIImage_Kit.m */; };
		5D0C0A511C776E2D0025F356 /* UIView_Kit.m in Sources */ = {isa = PBXBuildFile; fileRef = 5D0C09D91C776E2D0025F356 /* UIView_Kit.m */; };
		5D0C0A531C776E2D0025F356 /* UIViewController_Kit.m in Sources */ = {isa = PBXBuildFile; fileRef = 5D0C09DB1C776E2D0025F356 /* UIViewController_Kit.m */; };
		5D0C0A551C776E2D0025F356 /* PSImageLayer.m in Sources */ = {isa = PBXBuildFile; fileRef = 5D0C09DE1C776E2D0025F356 /* PSImageLayer.m */; };
		5D0C0A571C776E2D0025F356 /* PSAnimation.m in Sources */ = {isa = PBXBuildFile; fileRef = 5D0C09E11C776E2D0025F356 /* PSAnimation.m */; };
		5D0C0A591C776E2D0025F356 /* PSFontCenter.m in Sources */ = {isa = PBXBuildFile; fileRef = 5D0C09E31C776E2D0025F356 /* PSFontCenter.m */; };
		5D0C0A5B1C776E2D0025F356 /* PSLayerLayout.m in Sources */ = {isa = PBXBuildFile; fileRef = 5D0C09E51C776E2D0025F356 /* PSLayerLayout.m */; };
		5D0C0A5E1C776E2D0025F356 /* PSThemeCenter.m in Sources */ = {isa = PBXBuildFile; fileRef = 5D0C09E81C776E2D0025F356 /* PSThemeCenter.m */; };
		5D0C0A601C776E2D0025F356 /* PSViewLayout.m in Sources */ = {isa = PBXBuildFile; fileRef = 5D0C09EA1C776E2D0025F356 /* PSViewLayout.m */; };
		5D0C0A631C776E2D0025F356 /* PSFadeAnimatedTransitioning.m in Sources */ = {isa = PBXBuildFile; fileRef = 5D0C09EF1C776E2D0025F356 /* PSFadeAnimatedTransitioning.m */; };
		5D0C0A651C776E2D0025F356 /* PSSlideAnimatedTransitioning.m in Sources */ = {isa = PBXBuildFile; fileRef = 5D0C09F11C776E2D0025F356 /* PSSlideAnimatedTransitioning.m */; };
		5D0C0A671C776E2D0025F356 /* PSZoomAnimatedTransitioning.m in Sources */ = {isa = PBXBuildFile; fileRef = 5D0C09F31C776E2D0025F356 /* PSZoomAnimatedTransitioning.m */; };
		5D0C0A691C776E2D0025F356 /* PSContainerTransitionContext.m in Sources */ = {isa = PBXBuildFile; fileRef = 5D0C09F51C776E2D0025F356 /* PSContainerTransitionContext.m */; };
		5D0C0A6B1C776E2D0025F356 /* PSContainerViewController.m in Sources */ = {isa = PBXBuildFile; fileRef = 5D0C09F71C776E2D0025F356 /* PSContainerViewController.m */; };
		5D0C0A6D1C776E2D0025F356 /* PSDesignableView.m in Sources */ = {isa = PBXBuildFile; fileRef = 5D0C09FA1C776E2D0025F356 /* PSDesignableView.m */; };
		5D0C0A6F1C776E2D0025F356 /* PSJSWebView.m in Sources */ = {isa = PBXBuildFile; fileRef = 5D0C09FC1C776E2D0025F356 /* PSJSWebView.m */; };
		5D0C0A711C776E2D0025F356 /* PSToast.m in Sources */ = {isa = PBXBuildFile; fileRef = 5D0C09FE1C776E2D0025F356 /* PSToast.m */; };
		5D0C0A721C776E2D0025F356 /* PSWebViewConsoleScript.js in Resources */ = {isa = PBXBuildFile; fileRef = 5D0C09FF1C776E2D0025F356 /* PSWebViewConsoleScript.js */; };
		5D0C0A731C776E2D0025F356 /* PSWebViewScript.js in Resources */ = {isa = PBXBuildFile; fileRef = 5D0C0A001C776E2D0025F356 /* PSWebViewScript.js */; };
		5D0C0A741C776ECB0025F356 /* PSAspect.h in Headers */ = {isa = PBXBuildFile; fileRef = 5D0C09821C776E2D0025F356 /* PSAspect.h */; settings = {ATTRIBUTES = (Public, ); }; };
		5D0C0A761C776ECB0025F356 /* NSArray_Kit.h in Headers */ = {isa = PBXBuildFile; fileRef = 5D0C09891C776E2D0025F356 /* NSArray_Kit.h */; settings = {ATTRIBUTES = (Public, ); }; };
		5D0C0A771C776ECB0025F356 /* NSBundle_Kit.h in Headers */ = {isa = PBXBuildFile; fileRef = 5D0C098B1C776E2D0025F356 /* NSBundle_Kit.h */; settings = {ATTRIBUTES = (Public, ); }; };
		5D0C0A781C776ECB0025F356 /* NSData_Kit.h in Headers */ = {isa = PBXBuildFile; fileRef = 5D0C098D1C776E2D0025F356 /* NSData_Kit.h */; settings = {ATTRIBUTES = (Public, ); }; };
		5D0C0A791C776ECB0025F356 /* NSDate_Kit.h in Headers */ = {isa = PBXBuildFile; fileRef = 5D0C098F1C776E2D0025F356 /* NSDate_Kit.h */; settings = {ATTRIBUTES = (Public, ); }; };
		5D0C0A7A1C776ECB0025F356 /* NSDictionary_Kit.h in Headers */ = {isa = PBXBuildFile; fileRef = 5D0C09911C776E2D0025F356 /* NSDictionary_Kit.h */; settings = {ATTRIBUTES = (Public, ); }; };
		5D0C0A7B1C776ECB0025F356 /* NSException_Kit.h in Headers */ = {isa = PBXBuildFile; fileRef = 5D0C09931C776E2D0025F356 /* NSException_Kit.h */; settings = {ATTRIBUTES = (Public, ); }; };
		5D0C0A7C1C776ECB0025F356 /* NSNull_Kit.h in Headers */ = {isa = PBXBuildFile; fileRef = 5D0C09951C776E2D0025F356 /* NSNull_Kit.h */; settings = {ATTRIBUTES = (Public, ); }; };
		5D0C0A7D1C776ECB0025F356 /* NSObject_Dispatch.h in Headers */ = {isa = PBXBuildFile; fileRef = 5D0C09971C776E2D0025F356 /* NSObject_Dispatch.h */; settings = {ATTRIBUTES = (Public, ); }; };
		5D0C0A7E1C776ECB0025F356 /* NSObject_Kit.h in Headers */ = {isa = PBXBuildFile; fileRef = 5D0C099B1C776E2D0025F356 /* NSObject_Kit.h */; settings = {ATTRIBUTES = (Public, ); }; };
		5D0C0A7F1C776ECB0025F356 /* NSSet_Kit.h in Headers */ = {isa = PBXBuildFile; fileRef = 5D0C099E1C776E2D0025F356 /* NSSet_Kit.h */; settings = {ATTRIBUTES = (Public, ); }; };
		5D0C0A801C776ECB0025F356 /* NSString_Kit.h in Headers */ = {isa = PBXBuildFile; fileRef = 5D0C09A11C776E2D0025F356 /* NSString_Kit.h */; settings = {ATTRIBUTES = (Public, ); }; };
		5D0C0A811C776ECB0025F356 /* NSUserDefaults_Kit.h in Headers */ = {isa = PBXBuildFile; fileRef = 5D0C09A41C776E2D0025F356 /* NSUserDefaults_Kit.h */; settings = {ATTRIBUTES = (Public, ); }; };
		5D0C0A821C776ECB0025F356 /* PSBase64Encoding.h in Headers */ = {isa = PBXBuildFile; fileRef = 5D0C09A61C776E2D0025F356 /* PSBase64Encoding.h */; settings = {ATTRIBUTES = (Public, ); }; };
		5D0C0A831C776ECB0025F356 /* PSJson_Kit.h in Headers */ = {isa = PBXBuildFile; fileRef = 5D0C09A81C776E2D0025F356 /* PSJson_Kit.h */; settings = {ATTRIBUTES = (Public, ); }; };
		5D0C0A841C776ECB0025F356 /* metamacros.h in Headers */ = {isa = PBXBuildFile; fileRef = 5D0C09AC1C776E2D0025F356 /* metamacros.h */; settings = {ATTRIBUTES = (Public, ); }; };
		5D0C0A851C776ECB0025F356 /* PSRefernceCycles.h in Headers */ = {isa = PBXBuildFile; fileRef = 5D0C09AD1C776E2D0025F356 /* PSRefernceCycles.h */; settings = {ATTRIBUTES = (Public, ); }; };
		5D0C0A861C776ECB0025F356 /* PSConsoleLogger.h in Headers */ = {isa = PBXBuildFile; fileRef = 5D0C09B41C776E2D0025F356 /* PSConsoleLogger.h */; settings = {ATTRIBUTES = (Public, ); }; };
		5D0C0A871C776ECB0025F356 /* PSFileLogger.h in Headers */ = {isa = PBXBuildFile; fileRef = 5D0C09B61C776E2D0025F356 /* PSFileLogger.h */; settings = {ATTRIBUTES = (Public, ); }; };
		5D0C0A881C776ECB0025F356 /* PSLog.h in Headers */ = {isa = PBXBuildFile; fileRef = 5D0C09B81C776E2D0025F356 /* PSLog.h */; settings = {ATTRIBUTES = (Public, ); }; };
		5D0C0A8A1C776ECC0025F356 /* PSBlockInvocation.h in Headers */ = {isa = PBXBuildFile; fileRef = 5D0C09BC1C776E2D0025F356 /* PSBlockInvocation.h */; settings = {ATTRIBUTES = (Public, ); }; };
		5D0C0A8C1C776ECC0025F356 /* PSDelayInvocation.h in Headers */ = {isa = PBXBuildFile; fileRef = 5D0C09C01C776E2D0025F356 /* PSDelayInvocation.h */; settings = {ATTRIBUTES = (Public, ); }; };
		5D0C0A8D1C776ECC0025F356 /* PSFile.h in Headers */ = {isa = PBXBuildFile; fileRef = 5D0C09C21C776E2D0025F356 /* PSFile.h */; settings = {ATTRIBUTES = (Public, ); }; };
		5D0C0A8E1C776ECC0025F356 /* PSThreadLocal.h in Headers */ = {isa = PBXBuildFile; fileRef = 5D0C09C41C776E2D0025F356 /* PSThreadLocal.h */; settings = {ATTRIBUTES = (Public, ); }; };
		5D0C0A8F1C776ECC0025F356 /* PSUndoManager.h in Headers */ = {isa = PBXBuildFile; fileRef = 5D0C09C61C776E2D0025F356 /* PSUndoManager.h */; settings = {ATTRIBUTES = (Public, ); }; };
		5D0C0A901C776ECC0025F356 /* PSKit.h in Headers */ = {isa = PBXBuildFile; fileRef = 5D0C09C81C776E2D0025F356 /* PSKit.h */; settings = {ATTRIBUTES = (Public, ); }; };
		5D0C0A911C776ECC0025F356 /* PSKitDefines.h in Headers */ = {isa = PBXBuildFile; fileRef = 5D0C09C91C776E2D0025F356 /* PSKitDefines.h */; settings = {ATTRIBUTES = (Public, ); }; };
		5D0C0A921C776ECC0025F356 /* UIAlertView_Kit.h in Headers */ = {isa = PBXBuildFile; fileRef = 5D0C09CD1C776E2D0025F356 /* UIAlertView_Kit.h */; settings = {ATTRIBUTES = (Public, ); }; };
		5D0C0A931C776ECC0025F356 /* UIButton_Kit.h in Headers */ = {isa = PBXBuildFile; fileRef = 5D0C09CF1C776E2D0025F356 /* UIButton_Kit.h */; settings = {ATTRIBUTES = (Public, ); }; };
		5D0C0A941C776ECC0025F356 /* UIColor_Kit.h in Headers */ = {isa = PBXBuildFile; fileRef = 5D0C09D11C776E2D0025F356 /* UIColor_Kit.h */; settings = {ATTRIBUTES = (Public, ); }; };
		5D0C0A951C776ECC0025F356 /* UIControl_Kit.h in Headers */ = {isa = PBXBuildFile; fileRef = 5D0C09D31C776E2D0025F356 /* UIControl_Kit.h */; settings = {ATTRIBUTES = (Public, ); }; };
		5D0C0A971C776ECC0025F356 /* UIImage_Kit.h in Headers */ = {isa = PBXBuildFile; fileRef = 5D0C09D61C776E2D0025F356 /* UIImage_Kit.h */; settings = {ATTRIBUTES = (Public, ); }; };
		5D0C0A981C776ECC0025F356 /* UIView_Kit.h in Headers */ = {isa = PBXBuildFile; fileRef = 5D0C09D81C776E2D0025F356 /* UIView_Kit.h */; settings = {ATTRIBUTES = (Public, ); }; };
		5D0C0A991C776ECC0025F356 /* UIViewController_Kit.h in Headers */ = {isa = PBXBuildFile; fileRef = 5D0C09DA1C776E2D0025F356 /* UIViewController_Kit.h */; settings = {ATTRIBUTES = (Public, ); }; };
		5D0C0A9A1C776ECC0025F356 /* PSImageLayer.h in Headers */ = {isa = PBXBuildFile; fileRef = 5D0C09DD1C776E2D0025F356 /* PSImageLayer.h */; settings = {ATTRIBUTES = (Public, ); }; };
		5D0C0A9B1C776ECC0025F356 /* PSAnimation.h in Headers */ = {isa = PBXBuildFile; fileRef = 5D0C09E01C776E2D0025F356 /* PSAnimation.h */; settings = {ATTRIBUTES = (Public, ); }; };
		5D0C0A9C1C776ECC0025F356 /* PSFontCenter.h in Headers */ = {isa = PBXBuildFile; fileRef = 5D0C09E21C776E2D0025F356 /* PSFontCenter.h */; settings = {ATTRIBUTES = (Public, ); }; };
		5D0C0A9D1C776ECC0025F356 /* PSLayerLayout.h in Headers */ = {isa = PBXBuildFile; fileRef = 5D0C09E41C776E2D0025F356 /* PSLayerLayout.h */; settings = {ATTRIBUTES = (Public, ); }; };
		5D0C0A9E1C776ECC0025F356 /* PSLayout.h in Headers */ = {isa = PBXBuildFile; fileRef = 5D0C09E61C776E2D0025F356 /* PSLayout.h */; settings = {ATTRIBUTES = (Public, ); }; };
		5D0C0A9F1C776ECC0025F356 /* PSThemeCenter.h in Headers */ = {isa = PBXBuildFile; fileRef = 5D0C09E71C776E2D0025F356 /* PSThemeCenter.h */; settings = {ATTRIBUTES = (Public, ); }; };
		5D0C0AA01C776ECC0025F356 /* PSViewLayout.h in Headers */ = {isa = PBXBuildFile; fileRef = 5D0C09E91C776E2D0025F356 /* PSViewLayout.h */; settings = {ATTRIBUTES = (Public, ); }; };
		5D0C0AA11C776ECC0025F356 /* PSAnimatedTransitionsings.h in Headers */ = {isa = PBXBuildFile; fileRef = 5D0C09ED1C776E2D0025F356 /* PSAnimatedTransitionsings.h */; settings = {ATTRIBUTES = (Public, ); }; };
		5D0C0AA21C776ECD0025F356 /* PSFadeAnimatedTransitioning.h in Headers */ = {isa = PBXBuildFile; fileRef = 5D0C09EE1C776E2D0025F356 /* PSFadeAnimatedTransitioning.h */; settings = {ATTRIBUTES = (Public, ); }; };
		5D0C0AA31C776ECD0025F356 /* PSSlideAnimatedTransitioning.h in Headers */ = {isa = PBXBuildFile; fileRef = 5D0C09F01C776E2D0025F356 /* PSSlideAnimatedTransitioning.h */; settings = {ATTRIBUTES = (Public, ); }; };
		5D0C0AA41C776ECD0025F356 /* PSZoomAnimatedTransitioning.h in Headers */ = {isa = PBXBuildFile; fileRef = 5D0C09F21C776E2D0025F356 /* PSZoomAnimatedTransitioning.h */; settings = {ATTRIBUTES = (Public, ); }; };
		5D0C0AA51C776ECD0025F356 /* PSContainerViewController.h in Headers */ = {isa = PBXBuildFile; fileRef = 5D0C09F61C776E2D0025F356 /* PSContainerViewController.h */; settings = {ATTRIBUTES = (Public, ); }; };
		5D0C0AA61C776ECD0025F356 /* PSDesignableView.h in Headers */ = {isa = PBXBuildFile; fileRef = 5D0C09F91C776E2D0025F356 /* PSDesignableView.h */; settings = {ATTRIBUTES = (Public, ); }; };
		5D0C0AA71C776ECD0025F356 /* PSJSWebView.h in Headers */ = {isa = PBXBuildFile; fileRef = 5D0C09FB1C776E2D0025F356 /* PSJSWebView.h */; settings = {ATTRIBUTES = (Public, ); }; };
		5D0C0AA81C776ECD0025F356 /* PSToast.h in Headers */ = {isa = PBXBuildFile; fileRef = 5D0C09FD1C776E2D0025F356 /* PSToast.h */; settings = {ATTRIBUTES = (Public, ); }; };
		5D72AD721C7C412D003E485B /* UITableView_Kit.h in Headers */ = {isa = PBXBuildFile; fileRef = 5D72AD701C7C412D003E485B /* UITableView_Kit.h */; settings = {ATTRIBUTES = (Public, ); }; };
		5D72AD731C7C412D003E485B /* UITableView_Kit.m in Sources */ = {isa = PBXBuildFile; fileRef = 5D72AD711C7C412D003E485B /* UITableView_Kit.m */; };
		5DE523611C5CDBCB000FA850 /* PSKit.framework in Frameworks */ = {isa = PBXBuildFile; fileRef = 5DE523561C5CDBCB000FA850 /* PSKit.framework */; };
/* End PBXBuildFile section */

/* Begin PBXContainerItemProxy section */
		5DE523621C5CDBCB000FA850 /* PBXContainerItemProxy */ = {
			isa = PBXContainerItemProxy;
			containerPortal = 5DE5234D1C5CDBCB000FA850 /* Project object */;
			proxyType = 1;
			remoteGlobalIDString = 5DE523551C5CDBCB000FA850;
			remoteInfo = PSKit;
		};
/* End PBXContainerItemProxy section */

/* Begin PBXFileReference section */
		1D23EDB21C8443AC0064E083 /* NSError_Kit.h */ = {isa = PBXFileReference; fileEncoding = 4; lastKnownFileType = sourcecode.c.h; path = NSError_Kit.h; sourceTree = "<group>"; };
		1D23EDB31C8443AC0064E083 /* NSError_Kit.m */ = {isa = PBXFileReference; fileEncoding = 4; lastKnownFileType = sourcecode.c.objc; path = NSError_Kit.m; sourceTree = "<group>"; };
		5D0C097D1C776E140025F356 /* Foundation.test.m */ = {isa = PBXFileReference; fileEncoding = 4; lastKnownFileType = sourcecode.c.objc; path = Foundation.test.m; sourceTree = "<group>"; };
		5D0C097E1C776E140025F356 /* Layout.test.m */ = {isa = PBXFileReference; fileEncoding = 4; lastKnownFileType = sourcecode.c.objc; path = Layout.test.m; sourceTree = "<group>"; };
		5D0C09821C776E2D0025F356 /* PSAspect.h */ = {isa = PBXFileReference; fileEncoding = 4; lastKnownFileType = sourcecode.c.h; path = PSAspect.h; sourceTree = "<group>"; };
		5D0C09831C776E2D0025F356 /* PSAspect.m */ = {isa = PBXFileReference; fileEncoding = 4; lastKnownFileType = sourcecode.c.objc; path = PSAspect.m; sourceTree = "<group>"; };
		5D0C09841C776E2D0025F356 /* PSInvocation.h */ = {isa = PBXFileReference; fileEncoding = 4; lastKnownFileType = sourcecode.c.h; path = PSInvocation.h; sourceTree = "<group>"; };
		5D0C09851C776E2D0025F356 /* PSInvocation.m */ = {isa = PBXFileReference; fileEncoding = 4; lastKnownFileType = sourcecode.c.objc; path = PSInvocation.m; sourceTree = "<group>"; };
		5D0C09891C776E2D0025F356 /* NSArray_Kit.h */ = {isa = PBXFileReference; fileEncoding = 4; lastKnownFileType = sourcecode.c.h; path = NSArray_Kit.h; sourceTree = "<group>"; };
		5D0C098A1C776E2D0025F356 /* NSArray_Kit.m */ = {isa = PBXFileReference; fileEncoding = 4; lastKnownFileType = sourcecode.c.objc; path = NSArray_Kit.m; sourceTree = "<group>"; };
		5D0C098B1C776E2D0025F356 /* NSBundle_Kit.h */ = {isa = PBXFileReference; fileEncoding = 4; lastKnownFileType = sourcecode.c.h; path = NSBundle_Kit.h; sourceTree = "<group>"; };
		5D0C098C1C776E2D0025F356 /* NSBundle_Kit.m */ = {isa = PBXFileReference; fileEncoding = 4; lastKnownFileType = sourcecode.c.objc; path = NSBundle_Kit.m; sourceTree = "<group>"; };
		5D0C098D1C776E2D0025F356 /* NSData_Kit.h */ = {isa = PBXFileReference; fileEncoding = 4; lastKnownFileType = sourcecode.c.h; path = NSData_Kit.h; sourceTree = "<group>"; };
		5D0C098E1C776E2D0025F356 /* NSData_Kit.m */ = {isa = PBXFileReference; fileEncoding = 4; lastKnownFileType = sourcecode.c.objc; path = NSData_Kit.m; sourceTree = "<group>"; };
		5D0C098F1C776E2D0025F356 /* NSDate_Kit.h */ = {isa = PBXFileReference; fileEncoding = 4; lastKnownFileType = sourcecode.c.h; path = NSDate_Kit.h; sourceTree = "<group>"; };
		5D0C09901C776E2D0025F356 /* NSDate_Kit.m */ = {isa = PBXFileReference; fileEncoding = 4; lastKnownFileType = sourcecode.c.objc; path = NSDate_Kit.m; sourceTree = "<group>"; };
		5D0C09911C776E2D0025F356 /* NSDictionary_Kit.h */ = {isa = PBXFileReference; fileEncoding = 4; lastKnownFileType = sourcecode.c.h; path = NSDictionary_Kit.h; sourceTree = "<group>"; };
		5D0C09921C776E2D0025F356 /* NSDictionary_Kit.m */ = {isa = PBXFileReference; fileEncoding = 4; lastKnownFileType = sourcecode.c.objc; path = NSDictionary_Kit.m; sourceTree = "<group>"; };
		5D0C09931C776E2D0025F356 /* NSException_Kit.h */ = {isa = PBXFileReference; fileEncoding = 4; lastKnownFileType = sourcecode.c.h; path = NSException_Kit.h; sourceTree = "<group>"; };
		5D0C09941C776E2D0025F356 /* NSException_Kit.m */ = {isa = PBXFileReference; fileEncoding = 4; lastKnownFileType = sourcecode.c.objc; path = NSException_Kit.m; sourceTree = "<group>"; };
		5D0C09951C776E2D0025F356 /* NSNull_Kit.h */ = {isa = PBXFileReference; fileEncoding = 4; lastKnownFileType = sourcecode.c.h; path = NSNull_Kit.h; sourceTree = "<group>"; };
		5D0C09961C776E2D0025F356 /* NSNull_Kit.m */ = {isa = PBXFileReference; fileEncoding = 4; lastKnownFileType = sourcecode.c.objc; path = NSNull_Kit.m; sourceTree = "<group>"; };
		5D0C09971C776E2D0025F356 /* NSObject_Dispatch.h */ = {isa = PBXFileReference; fileEncoding = 4; lastKnownFileType = sourcecode.c.h; path = NSObject_Dispatch.h; sourceTree = "<group>"; };
		5D0C09981C776E2D0025F356 /* NSObject_Dispatch.m */ = {isa = PBXFileReference; fileEncoding = 4; lastKnownFileType = sourcecode.c.objc; path = NSObject_Dispatch.m; sourceTree = "<group>"; };
		5D0C09991C776E2D0025F356 /* NSObject_Event.m */ = {isa = PBXFileReference; fileEncoding = 4; lastKnownFileType = sourcecode.c.objc; path = NSObject_Event.m; sourceTree = "<group>"; };
		5D0C099A1C776E2D0025F356 /* NSObject_FuncLock.m */ = {isa = PBXFileReference; fileEncoding = 4; lastKnownFileType = sourcecode.c.objc; path = NSObject_FuncLock.m; sourceTree = "<group>"; };
		5D0C099B1C776E2D0025F356 /* NSObject_Kit.h */ = {isa = PBXFileReference; fileEncoding = 4; lastKnownFileType = sourcecode.c.h; path = NSObject_Kit.h; sourceTree = "<group>"; };
		5D0C099C1C776E2D0025F356 /* NSObject_KVO.m */ = {isa = PBXFileReference; fileEncoding = 4; lastKnownFileType = sourcecode.c.objc; path = NSObject_KVO.m; sourceTree = "<group>"; };
		5D0C099D1C776E2D0025F356 /* NSObject_Runtime.m */ = {isa = PBXFileReference; fileEncoding = 4; lastKnownFileType = sourcecode.c.objc; path = NSObject_Runtime.m; sourceTree = "<group>"; };
		5D0C099E1C776E2D0025F356 /* NSSet_Kit.h */ = {isa = PBXFileReference; fileEncoding = 4; lastKnownFileType = sourcecode.c.h; path = NSSet_Kit.h; sourceTree = "<group>"; };
		5D0C099F1C776E2D0025F356 /* NSSet_Kit.m */ = {isa = PBXFileReference; fileEncoding = 4; lastKnownFileType = sourcecode.c.objc; path = NSSet_Kit.m; sourceTree = "<group>"; };
		5D0C09A01C776E2D0025F356 /* NSString_Encyption.m */ = {isa = PBXFileReference; fileEncoding = 4; lastKnownFileType = sourcecode.c.objc; path = NSString_Encyption.m; sourceTree = "<group>"; };
		5D0C09A11C776E2D0025F356 /* NSString_Kit.h */ = {isa = PBXFileReference; fileEncoding = 4; lastKnownFileType = sourcecode.c.h; path = NSString_Kit.h; sourceTree = "<group>"; };
		5D0C09A21C776E2D0025F356 /* NSString_Kit.m */ = {isa = PBXFileReference; fileEncoding = 4; lastKnownFileType = sourcecode.c.objc; path = NSString_Kit.m; sourceTree = "<group>"; };
		5D0C09A31C776E2D0025F356 /* NSString_URL.m */ = {isa = PBXFileReference; fileEncoding = 4; lastKnownFileType = sourcecode.c.objc; path = NSString_URL.m; sourceTree = "<group>"; };
		5D0C09A41C776E2D0025F356 /* NSUserDefaults_Kit.h */ = {isa = PBXFileReference; fileEncoding = 4; lastKnownFileType = sourcecode.c.h; path = NSUserDefaults_Kit.h; sourceTree = "<group>"; };
		5D0C09A51C776E2D0025F356 /* NSUserDefaults_Kit.m */ = {isa = PBXFileReference; fileEncoding = 4; lastKnownFileType = sourcecode.c.objc; path = NSUserDefaults_Kit.m; sourceTree = "<group>"; };
		5D0C09A61C776E2D0025F356 /* PSBase64Encoding.h */ = {isa = PBXFileReference; fileEncoding = 4; lastKnownFileType = sourcecode.c.h; path = PSBase64Encoding.h; sourceTree = "<group>"; };
		5D0C09A71C776E2D0025F356 /* PSBase64Encoding.m */ = {isa = PBXFileReference; fileEncoding = 4; lastKnownFileType = sourcecode.c.objc; path = PSBase64Encoding.m; sourceTree = "<group>"; };
		5D0C09A81C776E2D0025F356 /* PSJson_Kit.h */ = {isa = PBXFileReference; fileEncoding = 4; lastKnownFileType = sourcecode.c.h; path = PSJson_Kit.h; sourceTree = "<group>"; };
		5D0C09A91C776E2D0025F356 /* PSJson_Kit.m */ = {isa = PBXFileReference; fileEncoding = 4; lastKnownFileType = sourcecode.c.objc; path = PSJson_Kit.m; sourceTree = "<group>"; };
		5D0C09AB1C776E2D0025F356 /* convenientmacros.h */ = {isa = PBXFileReference; fileEncoding = 4; lastKnownFileType = sourcecode.c.h; path = convenientmacros.h; sourceTree = "<group>"; };
		5D0C09AC1C776E2D0025F356 /* metamacros.h */ = {isa = PBXFileReference; fileEncoding = 4; lastKnownFileType = sourcecode.c.h; path = metamacros.h; sourceTree = "<group>"; };
		5D0C09AD1C776E2D0025F356 /* PSRefernceCycles.h */ = {isa = PBXFileReference; fileEncoding = 4; lastKnownFileType = sourcecode.c.h; path = PSRefernceCycles.h; sourceTree = "<group>"; };
		5D0C09AE1C776E2D0025F356 /* runtime.c */ = {isa = PBXFileReference; fileEncoding = 4; lastKnownFileType = sourcecode.c.c; path = runtime.c; sourceTree = "<group>"; };
		5D0C09AF1C776E2D0025F356 /* runtime.h */ = {isa = PBXFileReference; fileEncoding = 4; lastKnownFileType = sourcecode.c.h; path = runtime.h; sourceTree = "<group>"; };
		5D0C09B01C776E2D0025F356 /* PSFoudation.h */ = {isa = PBXFileReference; fileEncoding = 4; lastKnownFileType = sourcecode.c.h; path = PSFoudation.h; sourceTree = "<group>"; };
		5D0C09B41C776E2D0025F356 /* PSConsoleLogger.h */ = {isa = PBXFileReference; fileEncoding = 4; lastKnownFileType = sourcecode.c.h; path = PSConsoleLogger.h; sourceTree = "<group>"; };
		5D0C09B51C776E2D0025F356 /* PSConsoleLogger.m */ = {isa = PBXFileReference; fileEncoding = 4; lastKnownFileType = sourcecode.c.objc; path = PSConsoleLogger.m; sourceTree = "<group>"; };
		5D0C09B61C776E2D0025F356 /* PSFileLogger.h */ = {isa = PBXFileReference; fileEncoding = 4; lastKnownFileType = sourcecode.c.h; path = PSFileLogger.h; sourceTree = "<group>"; };
		5D0C09B71C776E2D0025F356 /* PSFileLogger.m */ = {isa = PBXFileReference; fileEncoding = 4; lastKnownFileType = sourcecode.c.objc; path = PSFileLogger.m; sourceTree = "<group>"; };
		5D0C09B81C776E2D0025F356 /* PSLog.h */ = {isa = PBXFileReference; fileEncoding = 4; lastKnownFileType = sourcecode.c.h; path = PSLog.h; sourceTree = "<group>"; };
		5D0C09B91C776E2D0025F356 /* PSLog.m */ = {isa = PBXFileReference; fileEncoding = 4; lastKnownFileType = sourcecode.c.objc; path = PSLog.m; sourceTree = "<group>"; };
		5D0C09BA1C776E2D0025F356 /* PSSQLiteLogger.h */ = {isa = PBXFileReference; fileEncoding = 4; lastKnownFileType = sourcecode.c.h; path = PSSQLiteLogger.h; sourceTree = "<group>"; };
		5D0C09BB1C776E2D0025F356 /* PSSQLiteLogger.m */ = {isa = PBXFileReference; fileEncoding = 4; lastKnownFileType = sourcecode.c.objc; path = PSSQLiteLogger.m; sourceTree = "<group>"; };
		5D0C09BC1C776E2D0025F356 /* PSBlockInvocation.h */ = {isa = PBXFileReference; fileEncoding = 4; lastKnownFileType = sourcecode.c.h; path = PSBlockInvocation.h; sourceTree = "<group>"; };
		5D0C09BD1C776E2D0025F356 /* PSBlockInvocation.m */ = {isa = PBXFileReference; fileEncoding = 4; lastKnownFileType = sourcecode.c.objc; path = PSBlockInvocation.m; sourceTree = "<group>"; };
		5D0C09BE1C776E2D0025F356 /* PSDeallocNotification.h */ = {isa = PBXFileReference; fileEncoding = 4; lastKnownFileType = sourcecode.c.h; path = PSDeallocNotification.h; sourceTree = "<group>"; };
		5D0C09BF1C776E2D0025F356 /* PSDeallocNotification.m */ = {isa = PBXFileReference; fileEncoding = 4; lastKnownFileType = sourcecode.c.objc; path = PSDeallocNotification.m; sourceTree = "<group>"; };
		5D0C09C01C776E2D0025F356 /* PSDelayInvocation.h */ = {isa = PBXFileReference; fileEncoding = 4; lastKnownFileType = sourcecode.c.h; path = PSDelayInvocation.h; sourceTree = "<group>"; };
		5D0C09C11C776E2D0025F356 /* PSDelayInvocation.m */ = {isa = PBXFileReference; fileEncoding = 4; lastKnownFileType = sourcecode.c.objc; path = PSDelayInvocation.m; sourceTree = "<group>"; };
		5D0C09C21C776E2D0025F356 /* PSFile.h */ = {isa = PBXFileReference; fileEncoding = 4; lastKnownFileType = sourcecode.c.h; path = PSFile.h; sourceTree = "<group>"; };
		5D0C09C31C776E2D0025F356 /* PSFile.m */ = {isa = PBXFileReference; fileEncoding = 4; lastKnownFileType = sourcecode.c.objc; path = PSFile.m; sourceTree = "<group>"; };
		5D0C09C41C776E2D0025F356 /* PSThreadLocal.h */ = {isa = PBXFileReference; fileEncoding = 4; lastKnownFileType = sourcecode.c.h; path = PSThreadLocal.h; sourceTree = "<group>"; };
		5D0C09C51C776E2D0025F356 /* PSThreadLocal.m */ = {isa = PBXFileReference; fileEncoding = 4; lastKnownFileType = sourcecode.c.objc; path = PSThreadLocal.m; sourceTree = "<group>"; };
		5D0C09C61C776E2D0025F356 /* PSUndoManager.h */ = {isa = PBXFileReference; fileEncoding = 4; lastKnownFileType = sourcecode.c.h; path = PSUndoManager.h; sourceTree = "<group>"; };
		5D0C09C71C776E2D0025F356 /* PSUndoManager.m */ = {isa = PBXFileReference; fileEncoding = 4; lastKnownFileType = sourcecode.c.objc; path = PSUndoManager.m; sourceTree = "<group>"; };
		5D0C09C81C776E2D0025F356 /* PSKit.h */ = {isa = PBXFileReference; fileEncoding = 4; lastKnownFileType = sourcecode.c.h; path = PSKit.h; sourceTree = "<group>"; };
		5D0C09C91C776E2D0025F356 /* PSKitDefines.h */ = {isa = PBXFileReference; fileEncoding = 4; lastKnownFileType = sourcecode.c.h; path = PSKitDefines.h; sourceTree = "<group>"; };
		5D0C09CD1C776E2D0025F356 /* UIAlertView_Kit.h */ = {isa = PBXFileReference; fileEncoding = 4; lastKnownFileType = sourcecode.c.h; path = UIAlertView_Kit.h; sourceTree = "<group>"; };
		5D0C09CE1C776E2D0025F356 /* UIAlertView_Kit.m */ = {isa = PBXFileReference; fileEncoding = 4; lastKnownFileType = sourcecode.c.objc; path = UIAlertView_Kit.m; sourceTree = "<group>"; };
		5D0C09CF1C776E2D0025F356 /* UIButton_Kit.h */ = {isa = PBXFileReference; fileEncoding = 4; lastKnownFileType = sourcecode.c.h; path = UIButton_Kit.h; sourceTree = "<group>"; };
		5D0C09D01C776E2D0025F356 /* UIButton_Kit.m */ = {isa = PBXFileReference; fileEncoding = 4; lastKnownFileType = sourcecode.c.objc; path = UIButton_Kit.m; sourceTree = "<group>"; };
		5D0C09D11C776E2D0025F356 /* UIColor_Kit.h */ = {isa = PBXFileReference; fileEncoding = 4; lastKnownFileType = sourcecode.c.h; path = UIColor_Kit.h; sourceTree = "<group>"; };
		5D0C09D21C776E2D0025F356 /* UIColor_Kit.m */ = {isa = PBXFileReference; fileEncoding = 4; lastKnownFileType = sourcecode.c.objc; path = UIColor_Kit.m; sourceTree = "<group>"; };
		5D0C09D31C776E2D0025F356 /* UIControl_Kit.h */ = {isa = PBXFileReference; fileEncoding = 4; lastKnownFileType = sourcecode.c.h; path = UIControl_Kit.h; sourceTree = "<group>"; };
		5D0C09D41C776E2D0025F356 /* UIControl_Kit.m */ = {isa = PBXFileReference; fileEncoding = 4; lastKnownFileType = sourcecode.c.objc; path = UIControl_Kit.m; sourceTree = "<group>"; };
		5D0C09D61C776E2D0025F356 /* UIImage_Kit.h */ = {isa = PBXFileReference; fileEncoding = 4; lastKnownFileType = sourcecode.c.h; path = UIImage_Kit.h; sourceTree = "<group>"; };
		5D0C09D71C776E2D0025F356 /* UIImage_Kit.m */ = {isa = PBXFileReference; fileEncoding = 4; lastKnownFileType = sourcecode.c.objc; path = UIImage_Kit.m; sourceTree = "<group>"; };
		5D0C09D81C776E2D0025F356 /* UIView_Kit.h */ = {isa = PBXFileReference; fileEncoding = 4; lastKnownFileType = sourcecode.c.h; path = UIView_Kit.h; sourceTree = "<group>"; };
		5D0C09D91C776E2D0025F356 /* UIView_Kit.m */ = {isa = PBXFileReference; fileEncoding = 4; lastKnownFileType = sourcecode.c.objc; path = UIView_Kit.m; sourceTree = "<group>"; };
		5D0C09DA1C776E2D0025F356 /* UIViewController_Kit.h */ = {isa = PBXFileReference; fileEncoding = 4; lastKnownFileType = sourcecode.c.h; path = UIViewController_Kit.h; sourceTree = "<group>"; };
		5D0C09DB1C776E2D0025F356 /* UIViewController_Kit.m */ = {isa = PBXFileReference; fileEncoding = 4; lastKnownFileType = sourcecode.c.objc; path = UIViewController_Kit.m; sourceTree = "<group>"; };
		5D0C09DD1C776E2D0025F356 /* PSImageLayer.h */ = {isa = PBXFileReference; fileEncoding = 4; lastKnownFileType = sourcecode.c.h; path = PSImageLayer.h; sourceTree = "<group>"; };
		5D0C09DE1C776E2D0025F356 /* PSImageLayer.m */ = {isa = PBXFileReference; fileEncoding = 4; lastKnownFileType = sourcecode.c.objc; path = PSImageLayer.m; sourceTree = "<group>"; };
		5D0C09E01C776E2D0025F356 /* PSAnimation.h */ = {isa = PBXFileReference; fileEncoding = 4; lastKnownFileType = sourcecode.c.h; path = PSAnimation.h; sourceTree = "<group>"; };
		5D0C09E11C776E2D0025F356 /* PSAnimation.m */ = {isa = PBXFileReference; fileEncoding = 4; lastKnownFileType = sourcecode.c.objc; path = PSAnimation.m; sourceTree = "<group>"; };
		5D0C09E21C776E2D0025F356 /* PSFontCenter.h */ = {isa = PBXFileReference; fileEncoding = 4; lastKnownFileType = sourcecode.c.h; path = PSFontCenter.h; sourceTree = "<group>"; };
		5D0C09E31C776E2D0025F356 /* PSFontCenter.m */ = {isa = PBXFileReference; fileEncoding = 4; lastKnownFileType = sourcecode.c.objc; path = PSFontCenter.m; sourceTree = "<group>"; };
		5D0C09E41C776E2D0025F356 /* PSLayerLayout.h */ = {isa = PBXFileReference; fileEncoding = 4; lastKnownFileType = sourcecode.c.h; path = PSLayerLayout.h; sourceTree = "<group>"; };
		5D0C09E51C776E2D0025F356 /* PSLayerLayout.m */ = {isa = PBXFileReference; fileEncoding = 4; lastKnownFileType = sourcecode.c.objc; path = PSLayerLayout.m; sourceTree = "<group>"; };
		5D0C09E61C776E2D0025F356 /* PSLayout.h */ = {isa = PBXFileReference; fileEncoding = 4; lastKnownFileType = sourcecode.c.h; path = PSLayout.h; sourceTree = "<group>"; };
		5D0C09E71C776E2D0025F356 /* PSThemeCenter.h */ = {isa = PBXFileReference; fileEncoding = 4; lastKnownFileType = sourcecode.c.h; path = PSThemeCenter.h; sourceTree = "<group>"; };
		5D0C09E81C776E2D0025F356 /* PSThemeCenter.m */ = {isa = PBXFileReference; fileEncoding = 4; lastKnownFileType = sourcecode.c.objc; path = PSThemeCenter.m; sourceTree = "<group>"; };
		5D0C09E91C776E2D0025F356 /* PSViewLayout.h */ = {isa = PBXFileReference; fileEncoding = 4; lastKnownFileType = sourcecode.c.h; path = PSViewLayout.h; sourceTree = "<group>"; };
		5D0C09EA1C776E2D0025F356 /* PSViewLayout.m */ = {isa = PBXFileReference; fileEncoding = 4; lastKnownFileType = sourcecode.c.objc; path = PSViewLayout.m; sourceTree = "<group>"; };
		5D0C09ED1C776E2D0025F356 /* PSAnimatedTransitionsings.h */ = {isa = PBXFileReference; fileEncoding = 4; lastKnownFileType = sourcecode.c.h; path = PSAnimatedTransitionsings.h; sourceTree = "<group>"; };
		5D0C09EE1C776E2D0025F356 /* PSFadeAnimatedTransitioning.h */ = {isa = PBXFileReference; fileEncoding = 4; lastKnownFileType = sourcecode.c.h; path = PSFadeAnimatedTransitioning.h; sourceTree = "<group>"; };
		5D0C09EF1C776E2D0025F356 /* PSFadeAnimatedTransitioning.m */ = {isa = PBXFileReference; fileEncoding = 4; lastKnownFileType = sourcecode.c.objc; path = PSFadeAnimatedTransitioning.m; sourceTree = "<group>"; };
		5D0C09F01C776E2D0025F356 /* PSSlideAnimatedTransitioning.h */ = {isa = PBXFileReference; fileEncoding = 4; lastKnownFileType = sourcecode.c.h; path = PSSlideAnimatedTransitioning.h; sourceTree = "<group>"; };
		5D0C09F11C776E2D0025F356 /* PSSlideAnimatedTransitioning.m */ = {isa = PBXFileReference; fileEncoding = 4; lastKnownFileType = sourcecode.c.objc; path = PSSlideAnimatedTransitioning.m; sourceTree = "<group>"; };
		5D0C09F21C776E2D0025F356 /* PSZoomAnimatedTransitioning.h */ = {isa = PBXFileReference; fileEncoding = 4; lastKnownFileType = sourcecode.c.h; path = PSZoomAnimatedTransitioning.h; sourceTree = "<group>"; };
		5D0C09F31C776E2D0025F356 /* PSZoomAnimatedTransitioning.m */ = {isa = PBXFileReference; fileEncoding = 4; lastKnownFileType = sourcecode.c.objc; path = PSZoomAnimatedTransitioning.m; sourceTree = "<group>"; };
		5D0C09F41C776E2D0025F356 /* PSContainerTransitionContext.h */ = {isa = PBXFileReference; fileEncoding = 4; lastKnownFileType = sourcecode.c.h; path = PSContainerTransitionContext.h; sourceTree = "<group>"; };
		5D0C09F51C776E2D0025F356 /* PSContainerTransitionContext.m */ = {isa = PBXFileReference; fileEncoding = 4; lastKnownFileType = sourcecode.c.objc; path = PSContainerTransitionContext.m; sourceTree = "<group>"; };
		5D0C09F61C776E2D0025F356 /* PSContainerViewController.h */ = {isa = PBXFileReference; fileEncoding = 4; lastKnownFileType = sourcecode.c.h; path = PSContainerViewController.h; sourceTree = "<group>"; };
		5D0C09F71C776E2D0025F356 /* PSContainerViewController.m */ = {isa = PBXFileReference; fileEncoding = 4; lastKnownFileType = sourcecode.c.objc; path = PSContainerViewController.m; sourceTree = "<group>"; };
		5D0C09F91C776E2D0025F356 /* PSDesignableView.h */ = {isa = PBXFileReference; fileEncoding = 4; lastKnownFileType = sourcecode.c.h; path = PSDesignableView.h; sourceTree = "<group>"; };
		5D0C09FA1C776E2D0025F356 /* PSDesignableView.m */ = {isa = PBXFileReference; fileEncoding = 4; lastKnownFileType = sourcecode.c.objc; path = PSDesignableView.m; sourceTree = "<group>"; };
		5D0C09FB1C776E2D0025F356 /* PSJSWebView.h */ = {isa = PBXFileReference; fileEncoding = 4; lastKnownFileType = sourcecode.c.h; path = PSJSWebView.h; sourceTree = "<group>"; };
		5D0C09FC1C776E2D0025F356 /* PSJSWebView.m */ = {isa = PBXFileReference; fileEncoding = 4; lastKnownFileType = sourcecode.c.objc; path = PSJSWebView.m; sourceTree = "<group>"; };
		5D0C09FD1C776E2D0025F356 /* PSToast.h */ = {isa = PBXFileReference; fileEncoding = 4; lastKnownFileType = sourcecode.c.h; path = PSToast.h; sourceTree = "<group>"; };
		5D0C09FE1C776E2D0025F356 /* PSToast.m */ = {isa = PBXFileReference; fileEncoding = 4; lastKnownFileType = sourcecode.c.objc; path = PSToast.m; sourceTree = "<group>"; };
		5D0C09FF1C776E2D0025F356 /* PSWebViewConsoleScript.js */ = {isa = PBXFileReference; fileEncoding = 4; lastKnownFileType = sourcecode.javascript; path = PSWebViewConsoleScript.js; sourceTree = "<group>"; };
		5D0C0A001C776E2D0025F356 /* PSWebViewScript.js */ = {isa = PBXFileReference; fileEncoding = 4; lastKnownFileType = sourcecode.javascript; path = PSWebViewScript.js; sourceTree = "<group>"; };
		5D72AD701C7C412D003E485B /* UITableView_Kit.h */ = {isa = PBXFileReference; fileEncoding = 4; lastKnownFileType = sourcecode.c.h; path = UITableView_Kit.h; sourceTree = "<group>"; };
		5D72AD711C7C412D003E485B /* UITableView_Kit.m */ = {isa = PBXFileReference; fileEncoding = 4; lastKnownFileType = sourcecode.c.objc; path = UITableView_Kit.m; sourceTree = "<group>"; };
		5DE523561C5CDBCB000FA850 /* PSKit.framework */ = {isa = PBXFileReference; explicitFileType = wrapper.framework; includeInIndex = 0; path = PSKit.framework; sourceTree = BUILT_PRODUCTS_DIR; };
		5DE5235B1C5CDBCB000FA850 /* Info.plist */ = {isa = PBXFileReference; lastKnownFileType = text.plist.xml; path = Info.plist; sourceTree = "<group>"; };
		5DE523601C5CDBCB000FA850 /* PSKitTests.xctest */ = {isa = PBXFileReference; explicitFileType = wrapper.cfbundle; includeInIndex = 0; path = PSKitTests.xctest; sourceTree = BUILT_PRODUCTS_DIR; };
		5DE523671C5CDBCB000FA850 /* Info.plist */ = {isa = PBXFileReference; lastKnownFileType = text.plist.xml; path = Info.plist; sourceTree = "<group>"; };
/* End PBXFileReference section */

/* Begin PBXFrameworksBuildPhase section */
		5DE523521C5CDBCB000FA850 /* Frameworks */ = {
			isa = PBXFrameworksBuildPhase;
			buildActionMask = 2147483647;
			files = (
			);
			runOnlyForDeploymentPostprocessing = 0;
		};
		5DE5235D1C5CDBCB000FA850 /* Frameworks */ = {
			isa = PBXFrameworksBuildPhase;
			buildActionMask = 2147483647;
			files = (
				5DE523611C5CDBCB000FA850 /* PSKit.framework in Frameworks */,
			);
			runOnlyForDeploymentPostprocessing = 0;
		};
/* End PBXFrameworksBuildPhase section */

/* Begin PBXGroup section */
		5D0C09811C776E2D0025F356 /* Aspect */ = {
			isa = PBXGroup;
			children = (
				5D0C09821C776E2D0025F356 /* PSAspect.h */,
				5D0C09831C776E2D0025F356 /* PSAspect.m */,
				5D0C09841C776E2D0025F356 /* PSInvocation.h */,
				5D0C09851C776E2D0025F356 /* PSInvocation.m */,
			);
			path = Aspect;
			sourceTree = "<group>";
		};
		5D0C09861C776E2D0025F356 /* Foudation */ = {
			isa = PBXGroup;
			children = (
				5D0C09881C776E2D0025F356 /* Extensions */,
				5D0C09AA1C776E2D0025F356 /* objc */,
				5D0C09B01C776E2D0025F356 /* PSFoudation.h */,
				5D0C09B21C776E2D0025F356 /* Utils */,
			);
			path = Foudation;
			sourceTree = "<group>";
		};
		5D0C09881C776E2D0025F356 /* Extensions */ = {
			isa = PBXGroup;
			children = (
				5D0C09891C776E2D0025F356 /* NSArray_Kit.h */,
				5D0C098A1C776E2D0025F356 /* NSArray_Kit.m */,
				5D0C098B1C776E2D0025F356 /* NSBundle_Kit.h */,
				5D0C098C1C776E2D0025F356 /* NSBundle_Kit.m */,
				5D0C098D1C776E2D0025F356 /* NSData_Kit.h */,
				5D0C098E1C776E2D0025F356 /* NSData_Kit.m */,
				5D0C098F1C776E2D0025F356 /* NSDate_Kit.h */,
				5D0C09901C776E2D0025F356 /* NSDate_Kit.m */,
				5D0C09911C776E2D0025F356 /* NSDictionary_Kit.h */,
				5D0C09921C776E2D0025F356 /* NSDictionary_Kit.m */,
				1D23EDB21C8443AC0064E083 /* NSError_Kit.h */,
				1D23EDB31C8443AC0064E083 /* NSError_Kit.m */,
				5D0C09931C776E2D0025F356 /* NSException_Kit.h */,
				5D0C09941C776E2D0025F356 /* NSException_Kit.m */,
				5D0C09951C776E2D0025F356 /* NSNull_Kit.h */,
				5D0C09961C776E2D0025F356 /* NSNull_Kit.m */,
				5D0C09971C776E2D0025F356 /* NSObject_Dispatch.h */,
				5D0C09981C776E2D0025F356 /* NSObject_Dispatch.m */,
				5D0C09991C776E2D0025F356 /* NSObject_Event.m */,
				5D0C099A1C776E2D0025F356 /* NSObject_FuncLock.m */,
				5D0C099B1C776E2D0025F356 /* NSObject_Kit.h */,
				5D0C099C1C776E2D0025F356 /* NSObject_KVO.m */,
				5D0C099D1C776E2D0025F356 /* NSObject_Runtime.m */,
				5D0C099E1C776E2D0025F356 /* NSSet_Kit.h */,
				5D0C099F1C776E2D0025F356 /* NSSet_Kit.m */,
				5D0C09A01C776E2D0025F356 /* NSString_Encyption.m */,
				5D0C09A11C776E2D0025F356 /* NSString_Kit.h */,
				5D0C09A21C776E2D0025F356 /* NSString_Kit.m */,
				5D0C09A31C776E2D0025F356 /* NSString_URL.m */,
				5D0C09A41C776E2D0025F356 /* NSUserDefaults_Kit.h */,
				5D0C09A51C776E2D0025F356 /* NSUserDefaults_Kit.m */,
				5D0C09A61C776E2D0025F356 /* PSBase64Encoding.h */,
				5D0C09A71C776E2D0025F356 /* PSBase64Encoding.m */,
				5D0C09A81C776E2D0025F356 /* PSJson_Kit.h */,
				5D0C09A91C776E2D0025F356 /* PSJson_Kit.m */,
			);
			path = Extensions;
			sourceTree = "<group>";
		};
		5D0C09AA1C776E2D0025F356 /* objc */ = {
			isa = PBXGroup;
			children = (
				5D0C09AB1C776E2D0025F356 /* convenientmacros.h */,
				5D0C09AC1C776E2D0025F356 /* metamacros.h */,
				5D0C09AD1C776E2D0025F356 /* PSRefernceCycles.h */,
				5D0C09AE1C776E2D0025F356 /* runtime.c */,
				5D0C09AF1C776E2D0025F356 /* runtime.h */,
			);
			path = objc;
			sourceTree = "<group>";
		};
		5D0C09B21C776E2D0025F356 /* Utils */ = {
			isa = PBXGroup;
			children = (
				5D0C09B31C776E2D0025F356 /* Logger */,
				5D0C09BC1C776E2D0025F356 /* PSBlockInvocation.h */,
				5D0C09BD1C776E2D0025F356 /* PSBlockInvocation.m */,
				5D0C09BE1C776E2D0025F356 /* PSDeallocNotification.h */,
				5D0C09BF1C776E2D0025F356 /* PSDeallocNotification.m */,
				5D0C09C01C776E2D0025F356 /* PSDelayInvocation.h */,
				5D0C09C11C776E2D0025F356 /* PSDelayInvocation.m */,
				5D0C09C21C776E2D0025F356 /* PSFile.h */,
				5D0C09C31C776E2D0025F356 /* PSFile.m */,
				5D0C09C41C776E2D0025F356 /* PSThreadLocal.h */,
				5D0C09C51C776E2D0025F356 /* PSThreadLocal.m */,
				5D0C09C61C776E2D0025F356 /* PSUndoManager.h */,
				5D0C09C71C776E2D0025F356 /* PSUndoManager.m */,
			);
			path = Utils;
			sourceTree = "<group>";
		};
		5D0C09B31C776E2D0025F356 /* Logger */ = {
			isa = PBXGroup;
			children = (
				5D0C09B41C776E2D0025F356 /* PSConsoleLogger.h */,
				5D0C09B51C776E2D0025F356 /* PSConsoleLogger.m */,
				5D0C09B61C776E2D0025F356 /* PSFileLogger.h */,
				5D0C09B71C776E2D0025F356 /* PSFileLogger.m */,
				5D0C09B81C776E2D0025F356 /* PSLog.h */,
				5D0C09B91C776E2D0025F356 /* PSLog.m */,
				5D0C09BA1C776E2D0025F356 /* PSSQLiteLogger.h */,
				5D0C09BB1C776E2D0025F356 /* PSSQLiteLogger.m */,
			);
			path = Logger;
			sourceTree = "<group>";
		};
		5D0C09CA1C776E2D0025F356 /* UIKits */ = {
			isa = PBXGroup;
			children = (
				5D0C09CB1C776E2D0025F356 /* Extensions */,
				5D0C09DC1C776E2D0025F356 /* Layers */,
				5D0C09DF1C776E2D0025F356 /* Utils */,
				5D0C09EB1C776E2D0025F356 /* ViewControllers */,
				5D0C09F81C776E2D0025F356 /* Views */,
			);
			path = UIKits;
			sourceTree = "<group>";
		};
		5D0C09CB1C776E2D0025F356 /* Extensions */ = {
			isa = PBXGroup;
			children = (
				5D0C09CD1C776E2D0025F356 /* UIAlertView_Kit.h */,
				5D0C09CE1C776E2D0025F356 /* UIAlertView_Kit.m */,
				5D0C09CF1C776E2D0025F356 /* UIButton_Kit.h */,
				5D0C09D01C776E2D0025F356 /* UIButton_Kit.m */,
				5D0C09D11C776E2D0025F356 /* UIColor_Kit.h */,
				5D0C09D21C776E2D0025F356 /* UIColor_Kit.m */,
				5D0C09D31C776E2D0025F356 /* UIControl_Kit.h */,
				5D0C09D41C776E2D0025F356 /* UIControl_Kit.m */,
				5D0C09D61C776E2D0025F356 /* UIImage_Kit.h */,
				5D0C09D71C776E2D0025F356 /* UIImage_Kit.m */,
				5D0C09D81C776E2D0025F356 /* UIView_Kit.h */,
				5D0C09D91C776E2D0025F356 /* UIView_Kit.m */,
				5D0C09DA1C776E2D0025F356 /* UIViewController_Kit.h */,
				5D0C09DB1C776E2D0025F356 /* UIViewController_Kit.m */,
				5D72AD701C7C412D003E485B /* UITableView_Kit.h */,
				5D72AD711C7C412D003E485B /* UITableView_Kit.m */,
			);
			path = Extensions;
			sourceTree = "<group>";
		};
		5D0C09DC1C776E2D0025F356 /* Layers */ = {
			isa = PBXGroup;
			children = (
				5D0C09DD1C776E2D0025F356 /* PSImageLayer.h */,
				5D0C09DE1C776E2D0025F356 /* PSImageLayer.m */,
			);
			path = Layers;
			sourceTree = "<group>";
		};
		5D0C09DF1C776E2D0025F356 /* Utils */ = {
			isa = PBXGroup;
			children = (
				5D0C09E01C776E2D0025F356 /* PSAnimation.h */,
				5D0C09E11C776E2D0025F356 /* PSAnimation.m */,
				5D0C09E21C776E2D0025F356 /* PSFontCenter.h */,
				5D0C09E31C776E2D0025F356 /* PSFontCenter.m */,
				5D0C09E41C776E2D0025F356 /* PSLayerLayout.h */,
				5D0C09E51C776E2D0025F356 /* PSLayerLayout.m */,
				5D0C09E61C776E2D0025F356 /* PSLayout.h */,
				5D0C09E71C776E2D0025F356 /* PSThemeCenter.h */,
				5D0C09E81C776E2D0025F356 /* PSThemeCenter.m */,
				5D0C09E91C776E2D0025F356 /* PSViewLayout.h */,
				5D0C09EA1C776E2D0025F356 /* PSViewLayout.m */,
			);
			path = Utils;
			sourceTree = "<group>";
		};
		5D0C09EB1C776E2D0025F356 /* ViewControllers */ = {
			isa = PBXGroup;
			children = (
				5D0C09EC1C776E2D0025F356 /* AnimatedTransitionsings */,
				5D0C09F41C776E2D0025F356 /* PSContainerTransitionContext.h */,
				5D0C09F51C776E2D0025F356 /* PSContainerTransitionContext.m */,
				5D0C09F61C776E2D0025F356 /* PSContainerViewController.h */,
				5D0C09F71C776E2D0025F356 /* PSContainerViewController.m */,
			);
			path = ViewControllers;
			sourceTree = "<group>";
		};
		5D0C09EC1C776E2D0025F356 /* AnimatedTransitionsings */ = {
			isa = PBXGroup;
			children = (
				5D0C09ED1C776E2D0025F356 /* PSAnimatedTransitionsings.h */,
				5D0C09EE1C776E2D0025F356 /* PSFadeAnimatedTransitioning.h */,
				5D0C09EF1C776E2D0025F356 /* PSFadeAnimatedTransitioning.m */,
				5D0C09F01C776E2D0025F356 /* PSSlideAnimatedTransitioning.h */,
				5D0C09F11C776E2D0025F356 /* PSSlideAnimatedTransitioning.m */,
				5D0C09F21C776E2D0025F356 /* PSZoomAnimatedTransitioning.h */,
				5D0C09F31C776E2D0025F356 /* PSZoomAnimatedTransitioning.m */,
			);
			path = AnimatedTransitionsings;
			sourceTree = "<group>";
		};
		5D0C09F81C776E2D0025F356 /* Views */ = {
			isa = PBXGroup;
			children = (
				5D0C09F91C776E2D0025F356 /* PSDesignableView.h */,
				5D0C09FA1C776E2D0025F356 /* PSDesignableView.m */,
				5D0C09FB1C776E2D0025F356 /* PSJSWebView.h */,
				5D0C09FC1C776E2D0025F356 /* PSJSWebView.m */,
				5D0C09FD1C776E2D0025F356 /* PSToast.h */,
				5D0C09FE1C776E2D0025F356 /* PSToast.m */,
				5D0C09FF1C776E2D0025F356 /* PSWebViewConsoleScript.js */,
				5D0C0A001C776E2D0025F356 /* PSWebViewScript.js */,
			);
			path = Views;
			sourceTree = "<group>";
		};
		5DE5234C1C5CDBCB000FA850 = {
			isa = PBXGroup;
			children = (
				5DE523581C5CDBCB000FA850 /* PSKit */,
				5DE523641C5CDBCB000FA850 /* PSKitTests */,
				5DE523571C5CDBCB000FA850 /* Products */,
			);
			sourceTree = "<group>";
		};
		5DE523571C5CDBCB000FA850 /* Products */ = {
			isa = PBXGroup;
			children = (
				5DE523561C5CDBCB000FA850 /* PSKit.framework */,
				5DE523601C5CDBCB000FA850 /* PSKitTests.xctest */,
			);
			name = Products;
			sourceTree = "<group>";
		};
		5DE523581C5CDBCB000FA850 /* PSKit */ = {
			isa = PBXGroup;
			children = (
				5D0C09811C776E2D0025F356 /* Aspect */,
				5D0C09861C776E2D0025F356 /* Foudation */,
				5D0C09C81C776E2D0025F356 /* PSKit.h */,
				5D0C09C91C776E2D0025F356 /* PSKitDefines.h */,
				5D0C09CA1C776E2D0025F356 /* UIKits */,
				5DE5235B1C5CDBCB000FA850 /* Info.plist */,
			);
			path = PSKit;
			sourceTree = "<group>";
		};
		5DE523641C5CDBCB000FA850 /* PSKitTests */ = {
			isa = PBXGroup;
			children = (
				5D0C097D1C776E140025F356 /* Foundation.test.m */,
				5D0C097E1C776E140025F356 /* Layout.test.m */,
				5DE523671C5CDBCB000FA850 /* Info.plist */,
			);
			path = PSKitTests;
			sourceTree = "<group>";
		};
/* End PBXGroup section */

/* Begin PBXHeadersBuildPhase section */
		5DE523531C5CDBCB000FA850 /* Headers */ = {
			isa = PBXHeadersBuildPhase;
			buildActionMask = 2147483647;
			files = (
				5D0C0A741C776ECB0025F356 /* PSAspect.h in Headers */,
				5D0C0A761C776ECB0025F356 /* NSArray_Kit.h in Headers */,
				5D0C0A771C776ECB0025F356 /* NSBundle_Kit.h in Headers */,
				5D0C0A781C776ECB0025F356 /* NSData_Kit.h in Headers */,
				5D0C0A791C776ECB0025F356 /* NSDate_Kit.h in Headers */,
				5D0C0A7A1C776ECB0025F356 /* NSDictionary_Kit.h in Headers */,
				1D23EDB41C8443AC0064E083 /* NSError_Kit.h in Headers */,
				5D0C0A7B1C776ECB0025F356 /* NSException_Kit.h in Headers */,
				5D0C0A7C1C776ECB0025F356 /* NSNull_Kit.h in Headers */,
				5D0C0A7D1C776ECB0025F356 /* NSObject_Dispatch.h in Headers */,
				5D0C0A7E1C776ECB0025F356 /* NSObject_Kit.h in Headers */,
				5D0C0A7F1C776ECB0025F356 /* NSSet_Kit.h in Headers */,
				5D0C0A801C776ECB0025F356 /* NSString_Kit.h in Headers */,
				5D0C0A811C776ECB0025F356 /* NSUserDefaults_Kit.h in Headers */,
				5D0C0A821C776ECB0025F356 /* PSBase64Encoding.h in Headers */,
				5D0C0A831C776ECB0025F356 /* PSJson_Kit.h in Headers */,
				5D0C0A841C776ECB0025F356 /* metamacros.h in Headers */,
				5D0C0A851C776ECB0025F356 /* PSRefernceCycles.h in Headers */,
				5D0C0A861C776ECB0025F356 /* PSConsoleLogger.h in Headers */,
				5D0C0A871C776ECB0025F356 /* PSFileLogger.h in Headers */,
				5D0C0A881C776ECB0025F356 /* PSLog.h in Headers */,
				5D0C0A8A1C776ECC0025F356 /* PSBlockInvocation.h in Headers */,
				5D0C0A8C1C776ECC0025F356 /* PSDelayInvocation.h in Headers */,
				5D0C0A8D1C776ECC0025F356 /* PSFile.h in Headers */,
				5D0C0A8E1C776ECC0025F356 /* PSThreadLocal.h in Headers */,
				5D0C0A8F1C776ECC0025F356 /* PSUndoManager.h in Headers */,
				5D0C0A901C776ECC0025F356 /* PSKit.h in Headers */,
				5D0C0A911C776ECC0025F356 /* PSKitDefines.h in Headers */,
				5D0C0A921C776ECC0025F356 /* UIAlertView_Kit.h in Headers */,
				5D0C0A931C776ECC0025F356 /* UIButton_Kit.h in Headers */,
				5D0C0A941C776ECC0025F356 /* UIColor_Kit.h in Headers */,
				5D0C0A951C776ECC0025F356 /* UIControl_Kit.h in Headers */,
				5D0C0A971C776ECC0025F356 /* UIImage_Kit.h in Headers */,
				5D0C0A981C776ECC0025F356 /* UIView_Kit.h in Headers */,
				5D0C0A991C776ECC0025F356 /* UIViewController_Kit.h in Headers */,
				5D0C0A9A1C776ECC0025F356 /* PSImageLayer.h in Headers */,
				5D0C0A9B1C776ECC0025F356 /* PSAnimation.h in Headers */,
				5D0C0A9C1C776ECC0025F356 /* PSFontCenter.h in Headers */,
				5D0C0A9D1C776ECC0025F356 /* PSLayerLayout.h in Headers */,
				5D0C0A9E1C776ECC0025F356 /* PSLayout.h in Headers */,
				5D0C0A9F1C776ECC0025F356 /* PSThemeCenter.h in Headers */,
				5D0C0AA01C776ECC0025F356 /* PSViewLayout.h in Headers */,
				5D0C0AA11C776ECC0025F356 /* PSAnimatedTransitionsings.h in Headers */,
				5D0C0AA21C776ECD0025F356 /* PSFadeAnimatedTransitioning.h in Headers */,
				5D0C0AA31C776ECD0025F356 /* PSSlideAnimatedTransitioning.h in Headers */,
				5D0C0AA41C776ECD0025F356 /* PSZoomAnimatedTransitioning.h in Headers */,
				5D0C0AA51C776ECD0025F356 /* PSContainerViewController.h in Headers */,
				5D72AD721C7C412D003E485B /* UITableView_Kit.h in Headers */,
				5D0C0AA61C776ECD0025F356 /* PSDesignableView.h in Headers */,
				5D0C0AA71C776ECD0025F356 /* PSJSWebView.h in Headers */,
				5D0C0AA81C776ECD0025F356 /* PSToast.h in Headers */,
			);
			runOnlyForDeploymentPostprocessing = 0;
		};
/* End PBXHeadersBuildPhase section */

/* Begin PBXNativeTarget section */
		5DE523551C5CDBCB000FA850 /* PSKit */ = {
			isa = PBXNativeTarget;
			buildConfigurationList = 5DE5236A1C5CDBCB000FA850 /* Build configuration list for PBXNativeTarget "PSKit" */;
			buildPhases = (
				5DE523511C5CDBCB000FA850 /* Sources */,
				5DE523521C5CDBCB000FA850 /* Frameworks */,
				5DE523531C5CDBCB000FA850 /* Headers */,
				5DE523541C5CDBCB000FA850 /* Resources */,
			);
			buildRules = (
			);
			dependencies = (
			);
			name = PSKit;
			productName = PSKit;
			productReference = 5DE523561C5CDBCB000FA850 /* PSKit.framework */;
			productType = "com.apple.product-type.framework";
		};
		5DE5235F1C5CDBCB000FA850 /* PSKitTests */ = {
			isa = PBXNativeTarget;
			buildConfigurationList = 5DE5236D1C5CDBCB000FA850 /* Build configuration list for PBXNativeTarget "PSKitTests" */;
			buildPhases = (
				5DE5235C1C5CDBCB000FA850 /* Sources */,
				5DE5235D1C5CDBCB000FA850 /* Frameworks */,
				5DE5235E1C5CDBCB000FA850 /* Resources */,
			);
			buildRules = (
			);
			dependencies = (
				5DE523631C5CDBCB000FA850 /* PBXTargetDependency */,
			);
			name = PSKitTests;
			productName = PSKitTests;
			productReference = 5DE523601C5CDBCB000FA850 /* PSKitTests.xctest */;
			productType = "com.apple.product-type.bundle.unit-test";
		};
/* End PBXNativeTarget section */

/* Begin PBXProject section */
		5DE5234D1C5CDBCB000FA850 /* Project object */ = {
			isa = PBXProject;
			attributes = {
				LastUpgradeCheck = 0720;
				ORGANIZATIONNAME = PoiSon;
				TargetAttributes = {
					2C02DF541C671B0E00FCA557 = {
						CreatedOnToolsVersion = 7.2.1;
					};
					5DE523551C5CDBCB000FA850 = {
						CreatedOnToolsVersion = 7.2;
						DevelopmentTeam = X75EPVXZ98;
					};
					5DE5235F1C5CDBCB000FA850 = {
						CreatedOnToolsVersion = 7.2;
					};
				};
			};
			buildConfigurationList = 5DE523501C5CDBCB000FA850 /* Build configuration list for PBXProject "PSKit" */;
			compatibilityVersion = "Xcode 3.2";
			developmentRegion = English;
			hasScannedForEncodings = 0;
			knownRegions = (
				en,
			);
			mainGroup = 5DE5234C1C5CDBCB000FA850;
			productRefGroup = 5DE523571C5CDBCB000FA850 /* Products */;
			projectDirPath = "";
			projectRoot = "";
			targets = (
				5DE523551C5CDBCB000FA850 /* PSKit */,
				2C02DF541C671B0E00FCA557 /* Aggregate */,
				5DE5235F1C5CDBCB000FA850 /* PSKitTests */,
			);
		};
/* End PBXProject section */

/* Begin PBXResourcesBuildPhase section */
		5DE523541C5CDBCB000FA850 /* Resources */ = {
			isa = PBXResourcesBuildPhase;
			buildActionMask = 2147483647;
			files = (
				5D0C0A731C776E2D0025F356 /* PSWebViewScript.js in Resources */,
				5D0C0A721C776E2D0025F356 /* PSWebViewConsoleScript.js in Resources */,
			);
			runOnlyForDeploymentPostprocessing = 0;
		};
		5DE5235E1C5CDBCB000FA850 /* Resources */ = {
			isa = PBXResourcesBuildPhase;
			buildActionMask = 2147483647;
			files = (
			);
			runOnlyForDeploymentPostprocessing = 0;
		};
/* End PBXResourcesBuildPhase section */

/* Begin PBXShellScriptBuildPhase section */
		2C02DF581C671B1400FCA557 /* ShellScript */ = {
			isa = PBXShellScriptBuildPhase;
			buildActionMask = 2147483647;
			files = (
			);
			inputPaths = (
			);
			outputPaths = (
			);
			runOnlyForDeploymentPostprocessing = 0;
			shellPath = /bin/sh;
			shellScript = "\n#存放framework的目录\nUNIVERSAL_OUTPUTFOLDER=${BUILD_DIR}/framework-universal\nSIMULATOR_OUTPUTFOLDER=${BUILD_DIR}/framework-iphonesimulator\nIPHONEOS_OUTPUTFOLDER=${BUILD_DIR}/framework-iphoneos\n\n#IPHONE_DEVICE_BUILD_DIR=${BUILD_DIR}/${CONFIGURATION}-iphoneos\nWORKSPACE_NAME=${PROJECT_NAME}.xcodeproj\nBUILD_SCHEME=${PROJECT_NAME}\n\nBUNDLE_DIR=\"Build/Products/Release-iphoneos\"\n\n#先删除已成生的framework, 再生成\nrm -rf \"${SIMULATOR_OUTPUTFOLDER}\"\nrm -rf \"${IPHONEOS_OUTPUTFOLDER}\"\nrm -rf \"${UNIVERSAL_OUTPUTFOLDER}\"\n\ncd ${SRCROOT}\n#模拟器\nxcodebuild -project ${WORKSPACE_NAME} -scheme ${BUILD_SCHEME} -arch i386 -arch x86_64 -sdk iphonesimulator -configuration \"RELEASE\" -derivedDataPath \"${SIMULATOR_OUTPUTFOLDER}\"\n\n#真机\nxcodebuild -project ${WORKSPACE_NAME} -scheme ${BUILD_SCHEME} -sdk iphoneos -configuration \"RELEASE\" -derivedDataPath \"${IPHONEOS_OUTPUTFOLDER}\"\n\n#合并模拟器和真机的架构\nmkdir -p \"${UNIVERSAL_OUTPUTFOLDER}\"\ncp -R \"${IPHONEOS_OUTPUTFOLDER}/${BUNDLE_DIR}/${PROJECT_NAME}.framework\" \"${UNIVERSAL_OUTPUTFOLDER}/${PROJECT_NAME}.framework\"\n\nlipo -create  \"${SIMULATOR_OUTPUTFOLDER}/${BUNDLE_DIR}/${PROJECT_NAME}.framework/${PROJECT_NAME}\" \"${IPHONEOS_OUTPUTFOLDER}/${BUNDLE_DIR}/${PROJECT_NAME}.framework/${PROJECT_NAME}\" -output \"${UNIVERSAL_OUTPUTFOLDER}/${PROJECT_NAME}.framework/${PROJECT_NAME}\"\n\nrm -rf \"${SIMULATOR_OUTPUTFOLDER}\"\nrm -rf \"${IPHONEOS_OUTPUTFOLDER}\"\nopen \"${UNIVERSAL_OUTPUTFOLDER}\"\n";
		};
/* End PBXShellScriptBuildPhase section */

/* Begin PBXSourcesBuildPhase section */
		5DE523511C5CDBCB000FA850 /* Sources */ = {
			isa = PBXSourcesBuildPhase;
			buildActionMask = 2147483647;
			files = (
				1D23EDB51C8443AC0064E083 /* NSError_Kit.m in Sources */,
				5D0C0A4C1C776E2D0025F356 /* UIControl_Kit.m in Sources */,
				5D0C0A671C776E2D0025F356 /* PSZoomAnimatedTransitioning.m in Sources */,
				5D0C0A461C776E2D0025F356 /* UIAlertView_Kit.m in Sources */,
				5D0C0A2A1C776E2D0025F356 /* runtime.c in Sources */,
				5D0C0A241C776E2D0025F356 /* PSBase64Encoding.m in Sources */,
				5D0C0A0F1C776E2D0025F356 /* NSDictionary_Kit.m in Sources */,
				5D0C0A2F1C776E2D0025F356 /* PSConsoleLogger.m in Sources */,
				5D0C0A0B1C776E2D0025F356 /* NSData_Kit.m in Sources */,
				5D0C0A1A1C776E2D0025F356 /* NSObject_Runtime.m in Sources */,
				5D0C0A171C776E2D0025F356 /* NSObject_FuncLock.m in Sources */,
				5D0C0A711C776E2D0025F356 /* PSToast.m in Sources */,
				5D0C0A331C776E2D0025F356 /* PSLog.m in Sources */,
				5D0C0A071C776E2D0025F356 /* NSArray_Kit.m in Sources */,
				5D0C0A6D1C776E2D0025F356 /* PSDesignableView.m in Sources */,
				5D0C0A261C776E2D0025F356 /* PSJson_Kit.m in Sources */,
				5D0C0A201C776E2D0025F356 /* NSString_URL.m in Sources */,
				5D0C0A161C776E2D0025F356 /* NSObject_Event.m in Sources */,
				5D0C0A3D1C776E2D0025F356 /* PSFile.m in Sources */,
				5D0C0A6F1C776E2D0025F356 /* PSJSWebView.m in Sources */,
				5D0C0A5E1C776E2D0025F356 /* PSThemeCenter.m in Sources */,
				5D0C0A111C776E2D0025F356 /* NSException_Kit.m in Sources */,
				5D72AD731C7C412D003E485B /* UITableView_Kit.m in Sources */,
				5D0C0A4A1C776E2D0025F356 /* UIColor_Kit.m in Sources */,
				5D0C0A311C776E2D0025F356 /* PSFileLogger.m in Sources */,
				5D0C0A191C776E2D0025F356 /* NSObject_KVO.m in Sources */,
				5D0C0A041C776E2D0025F356 /* PSInvocation.m in Sources */,
				5D0C0A591C776E2D0025F356 /* PSFontCenter.m in Sources */,
				5D0C0A551C776E2D0025F356 /* PSImageLayer.m in Sources */,
				5D0C0A6B1C776E2D0025F356 /* PSContainerViewController.m in Sources */,
				5D0C0A631C776E2D0025F356 /* PSFadeAnimatedTransitioning.m in Sources */,
				5D0C0A531C776E2D0025F356 /* UIViewController_Kit.m in Sources */,
				5D0C0A5B1C776E2D0025F356 /* PSLayerLayout.m in Sources */,
				5D0C0A391C776E2D0025F356 /* PSDeallocNotification.m in Sources */,
				5D0C0A4F1C776E2D0025F356 /* UIImage_Kit.m in Sources */,
				5D0C0A511C776E2D0025F356 /* UIView_Kit.m in Sources */,
				5D0C0A481C776E2D0025F356 /* UIButton_Kit.m in Sources */,
				5D0C0A1F1C776E2D0025F356 /* NSString_Kit.m in Sources */,
				5D0C0A3F1C776E2D0025F356 /* PSThreadLocal.m in Sources */,
				5D0C0A151C776E2D0025F356 /* NSObject_Dispatch.m in Sources */,
				5D0C0A3B1C776E2D0025F356 /* PSDelayInvocation.m in Sources */,
				5D0C0A021C776E2D0025F356 /* PSAspect.m in Sources */,
				5D0C0A691C776E2D0025F356 /* PSContainerTransitionContext.m in Sources */,
				5D0C0A1C1C776E2D0025F356 /* NSSet_Kit.m in Sources */,
				5D0C0A571C776E2D0025F356 /* PSAnimation.m in Sources */,
				5D0C0A371C776E2D0025F356 /* PSBlockInvocation.m in Sources */,
				5D0C0A351C776E2D0025F356 /* PSSQLiteLogger.m in Sources */,
				5D0C0A601C776E2D0025F356 /* PSViewLayout.m in Sources */,
				5D0C0A651C776E2D0025F356 /* PSSlideAnimatedTransitioning.m in Sources */,
				5D0C0A091C776E2D0025F356 /* NSBundle_Kit.m in Sources */,
				5D0C0A221C776E2D0025F356 /* NSUserDefaults_Kit.m in Sources */,
				5D0C0A0D1C776E2D0025F356 /* NSDate_Kit.m in Sources */,
				5D0C0A131C776E2D0025F356 /* NSNull_Kit.m in Sources */,
				5D0C0A411C776E2D0025F356 /* PSUndoManager.m in Sources */,
				5D0C0A1D1C776E2D0025F356 /* NSString_Encyption.m in Sources */,
			);
			runOnlyForDeploymentPostprocessing = 0;
		};
		5DE5235C1C5CDBCB000FA850 /* Sources */ = {
			isa = PBXSourcesBuildPhase;
			buildActionMask = 2147483647;
			files = (
				5D0C09801C776E140025F356 /* Layout.test.m in Sources */,
				5D0C097F1C776E140025F356 /* Foundation.test.m in Sources */,
			);
			runOnlyForDeploymentPostprocessing = 0;
		};
/* End PBXSourcesBuildPhase section */

/* Begin PBXTargetDependency section */
		5DE523631C5CDBCB000FA850 /* PBXTargetDependency */ = {
			isa = PBXTargetDependency;
			target = 5DE523551C5CDBCB000FA850 /* PSKit */;
			targetProxy = 5DE523621C5CDBCB000FA850 /* PBXContainerItemProxy */;
		};
/* End PBXTargetDependency section */

/* Begin XCBuildConfiguration section */
		2C02DF561C671B0E00FCA557 /* Debug */ = {
			isa = XCBuildConfiguration;
			buildSettings = {
				PRODUCT_NAME = "$(TARGET_NAME)";
			};
			name = Debug;
		};
		2C02DF571C671B0E00FCA557 /* Release */ = {
			isa = XCBuildConfiguration;
			buildSettings = {
				PRODUCT_NAME = "$(TARGET_NAME)";
			};
			name = Release;
		};
		5DE523681C5CDBCB000FA850 /* Debug */ = {
			isa = XCBuildConfiguration;
			buildSettings = {
				ALWAYS_SEARCH_USER_PATHS = NO;
				CLANG_CXX_LANGUAGE_STANDARD = "gnu++0x";
				CLANG_CXX_LIBRARY = "libc++";
				CLANG_ENABLE_MODULES = YES;
				CLANG_ENABLE_OBJC_ARC = YES;
				CLANG_WARN_BOOL_CONVERSION = YES;
				CLANG_WARN_CONSTANT_CONVERSION = YES;
				CLANG_WARN_DIRECT_OBJC_ISA_USAGE = YES_ERROR;
				CLANG_WARN_EMPTY_BODY = YES;
				CLANG_WARN_ENUM_CONVERSION = YES;
				CLANG_WARN_INT_CONVERSION = YES;
				CLANG_WARN_OBJC_ROOT_CLASS = YES_ERROR;
				CLANG_WARN_UNREACHABLE_CODE = YES;
				CLANG_WARN__DUPLICATE_METHOD_MATCH = YES;
				"CODE_SIGN_IDENTITY[sdk=iphoneos*]" = "iPhone Developer";
				COPY_PHASE_STRIP = NO;
				CURRENT_PROJECT_VERSION = 1;
				DEBUG_INFORMATION_FORMAT = dwarf;
				ENABLE_STRICT_OBJC_MSGSEND = YES;
				ENABLE_TESTABILITY = YES;
				GCC_C_LANGUAGE_STANDARD = gnu99;
				GCC_DYNAMIC_NO_PIC = NO;
				GCC_NO_COMMON_BLOCKS = YES;
				GCC_OPTIMIZATION_LEVEL = 0;
				GCC_PREPROCESSOR_DEFINITIONS = (
					"DEBUG=1",
					"$(inherited)",
				);
				GCC_WARN_64_TO_32_BIT_CONVERSION = YES;
				GCC_WARN_ABOUT_RETURN_TYPE = YES_ERROR;
				GCC_WARN_UNDECLARED_SELECTOR = YES;
				GCC_WARN_UNINITIALIZED_AUTOS = YES_AGGRESSIVE;
				GCC_WARN_UNUSED_FUNCTION = YES;
				GCC_WARN_UNUSED_VARIABLE = YES;
				IPHONEOS_DEPLOYMENT_TARGET = 9.2;
				MTL_ENABLE_DEBUG_INFO = YES;
				ONLY_ACTIVE_ARCH = YES;
				SDKROOT = iphoneos;
				TARGETED_DEVICE_FAMILY = "1,2";
				VERSIONING_SYSTEM = "apple-generic";
				VERSION_INFO_PREFIX = "";
			};
			name = Debug;
		};
		5DE523691C5CDBCB000FA850 /* Release */ = {
			isa = XCBuildConfiguration;
			buildSettings = {
				ALWAYS_SEARCH_USER_PATHS = NO;
				CLANG_CXX_LANGUAGE_STANDARD = "gnu++0x";
				CLANG_CXX_LIBRARY = "libc++";
				CLANG_ENABLE_MODULES = YES;
				CLANG_ENABLE_OBJC_ARC = YES;
				CLANG_WARN_BOOL_CONVERSION = YES;
				CLANG_WARN_CONSTANT_CONVERSION = YES;
				CLANG_WARN_DIRECT_OBJC_ISA_USAGE = YES_ERROR;
				CLANG_WARN_EMPTY_BODY = YES;
				CLANG_WARN_ENUM_CONVERSION = YES;
				CLANG_WARN_INT_CONVERSION = YES;
				CLANG_WARN_OBJC_ROOT_CLASS = YES_ERROR;
				CLANG_WARN_UNREACHABLE_CODE = YES;
				CLANG_WARN__DUPLICATE_METHOD_MATCH = YES;
				"CODE_SIGN_IDENTITY[sdk=iphoneos*]" = "iPhone Developer";
				COPY_PHASE_STRIP = NO;
				CURRENT_PROJECT_VERSION = 1;
				DEBUG_INFORMATION_FORMAT = "dwarf-with-dsym";
				ENABLE_NS_ASSERTIONS = NO;
				ENABLE_STRICT_OBJC_MSGSEND = YES;
				GCC_C_LANGUAGE_STANDARD = gnu99;
				GCC_NO_COMMON_BLOCKS = YES;
				GCC_WARN_64_TO_32_BIT_CONVERSION = YES;
				GCC_WARN_ABOUT_RETURN_TYPE = YES_ERROR;
				GCC_WARN_UNDECLARED_SELECTOR = YES;
				GCC_WARN_UNINITIALIZED_AUTOS = YES_AGGRESSIVE;
				GCC_WARN_UNUSED_FUNCTION = YES;
				GCC_WARN_UNUSED_VARIABLE = YES;
				IPHONEOS_DEPLOYMENT_TARGET = 9.2;
				MTL_ENABLE_DEBUG_INFO = NO;
				SDKROOT = iphoneos;
				TARGETED_DEVICE_FAMILY = "1,2";
				VALIDATE_PRODUCT = YES;
				VERSIONING_SYSTEM = "apple-generic";
				VERSION_INFO_PREFIX = "";
			};
			name = Release;
		};
		5DE5236B1C5CDBCB000FA850 /* Debug */ = {
			isa = XCBuildConfiguration;
			buildSettings = {
				CODE_SIGN_IDENTITY = "iPhone Developer";
				DEFINES_MODULE = YES;
				DYLIB_COMPATIBILITY_VERSION = 1;
				DYLIB_CURRENT_VERSION = 1;
				DYLIB_INSTALL_NAME_BASE = "@rpath";
				INFOPLIST_FILE = PSKit/Info.plist;
				INSTALL_PATH = "$(LOCAL_LIBRARY_DIR)/Frameworks";
				IPHONEOS_DEPLOYMENT_TARGET = 7.0;
				LD_RUNPATH_SEARCH_PATHS = "$(inherited) @executable_path/Frameworks @loader_path/Frameworks";
				MACH_O_TYPE = staticlib;
				PRODUCT_BUNDLE_IDENTIFIER = cn.yerl.PSKit;
				PRODUCT_NAME = "$(TARGET_NAME)";
				SKIP_INSTALL = YES;
				VALID_ARCHS = "arm64 armv7 armv7s x86_64 i386";
			};
			name = Debug;
		};
		5DE5236C1C5CDBCB000FA850 /* Release */ = {
			isa = XCBuildConfiguration;
			buildSettings = {
				CODE_SIGN_IDENTITY = "iPhone Developer";
				DEFINES_MODULE = YES;
				DYLIB_COMPATIBILITY_VERSION = 1;
				DYLIB_CURRENT_VERSION = 1;
				DYLIB_INSTALL_NAME_BASE = "@rpath";
				INFOPLIST_FILE = PSKit/Info.plist;
				INSTALL_PATH = "$(LOCAL_LIBRARY_DIR)/Frameworks";
				IPHONEOS_DEPLOYMENT_TARGET = 7.0;
				LD_RUNPATH_SEARCH_PATHS = "$(inherited) @executable_path/Frameworks @loader_path/Frameworks";
				MACH_O_TYPE = staticlib;
				PRODUCT_BUNDLE_IDENTIFIER = cn.yerl.PSKit;
				PRODUCT_NAME = "$(TARGET_NAME)";
				SKIP_INSTALL = YES;
				VALID_ARCHS = "arm64 armv7 armv7s x86_64 i386";
			};
			name = Release;
		};
		5DE5236E1C5CDBCB000FA850 /* Debug */ = {
			isa = XCBuildConfiguration;
			buildSettings = {
				INFOPLIST_FILE = PSKitTests/Info.plist;
				LD_RUNPATH_SEARCH_PATHS = "$(inherited) @executable_path/Frameworks @loader_path/Frameworks";
				OTHER_LDFLAGS = "-ObjC";
				PRODUCT_BUNDLE_IDENTIFIER = cn.yerl.PSKitTests;
				PRODUCT_NAME = "$(TARGET_NAME)";
			};
			name = Debug;
		};
		5DE5236F1C5CDBCB000FA850 /* Release */ = {
			isa = XCBuildConfiguration;
			buildSettings = {
				INFOPLIST_FILE = PSKitTests/Info.plist;
				LD_RUNPATH_SEARCH_PATHS = "$(inherited) @executable_path/Frameworks @loader_path/Frameworks";
				OTHER_LDFLAGS = "-ObjC";
				PRODUCT_BUNDLE_IDENTIFIER = cn.yerl.PSKitTests;
				PRODUCT_NAME = "$(TARGET_NAME)";
			};
			name = Release;
		};
/* End XCBuildConfiguration section */

/* Begin XCConfigurationList section */
		2C02DF551C671B0E00FCA557 /* Build configuration list for PBXAggregateTarget "Aggregate" */ = {
			isa = XCConfigurationList;
			buildConfigurations = (
				2C02DF561C671B0E00FCA557 /* Debug */,
				2C02DF571C671B0E00FCA557 /* Release */,
			);
			defaultConfigurationIsVisible = 0;
			defaultConfigurationName = Release;
		};
		5DE523501C5CDBCB000FA850 /* Build configuration list for PBXProject "PSKit" */ = {
			isa = XCConfigurationList;
			buildConfigurations = (
				5DE523681C5CDBCB000FA850 /* Debug */,
				5DE523691C5CDBCB000FA850 /* Release */,
			);
			defaultConfigurationIsVisible = 0;
			defaultConfigurationName = Release;
		};
		5DE5236A1C5CDBCB000FA850 /* Build configuration list for PBXNativeTarget "PSKit" */ = {
			isa = XCConfigurationList;
			buildConfigurations = (
				5DE5236B1C5CDBCB000FA850 /* Debug */,
				5DE5236C1C5CDBCB000FA850 /* Release */,
			);
			defaultConfigurationIsVisible = 0;
			defaultConfigurationName = Release;
		};
		5DE5236D1C5CDBCB000FA850 /* Build configuration list for PBXNativeTarget "PSKitTests" */ = {
			isa = XCConfigurationList;
			buildConfigurations = (
				5DE5236E1C5CDBCB000FA850 /* Debug */,
				5DE5236F1C5CDBCB000FA850 /* Release */,
			);
			defaultConfigurationIsVisible = 0;
			defaultConfigurationName = Release;
		};
/* End XCConfigurationList section */
	};
	rootObject = 5DE5234D1C5CDBCB000FA850 /* Project object */;
}
